
Microsoft Visual Studio Solution File, Format Version 12.00
# Visual Studio Version 16
VisualStudioVersion = 16.0.29009.5
MinimumVisualStudioVersion = 10.0.40219.1
Project("{FAE04EC0-301F-11D3-BF4B-00C04F79EFBC}") = "Health.Checks.In.ASP.NET.Core", "Health.Checks.In.ASP.NET.Core\Health.Checks.In.ASP.NET.Core.csproj", "{8199D6A7-46C6-4422-9E4A-3E70BBA46788}"
EndProject
Global
	GlobalSection(SolutionConfigurationPlatforms) = preSolution
		Debug|Any CPU = Debug|Any CPU
		Release|Any CPU = Release|Any CPU
	EndGlobalSection
	GlobalSection(ProjectConfigurationPlatforms) = postSolution
		{8199D6A7-46C6-4422-9E4A-3E70BBA46788}.Debug|Any CPU.ActiveCfg = Debug|Any CPU
		{8199D6A7-46C6-4422-9E4A-3E70BBA46788}.Debug|Any CPU.Build.0 = Debug|Any CPU
		{8199D6A7-46C6-4422-9E4A-3E70BBA46788}.Release|Any CPU.ActiveCfg = Release|Any CPU
		{8199D6A7-46C6-4422-9E4A-3E70BBA46788}.Release|Any CPU.Build.0 = Release|Any CPU
	EndGlobalSection
	GlobalSection(SolutionProperties) = preSolution
		HideSolutionNode = FALSE
	EndGlobalSection
	GlobalSection(ExtensibilityGlobals) = postSolution
		SolutionGuid = {CF946825-2A2E-410E-A22C-AA1185AD2A4F}
	EndGlobalSection
EndGlobal
